
Microsoft Visual Studio Solution File, Format Version 11.00
# Visual Studio 2010
Project("{FAE04EC0-301F-11D3-BF4B-00C04F79EFBC}") = "Test_1", "Assembly-CSharp.csproj", "{1A7A6470-EBC1-B58F-0499-58FB9D85A088}"
EndProject
Project("{FAE04EC0-301F-11D3-BF4B-00C04F79EFBC}") = "Test_1", "Assembly-CSharp-Editor.csproj", "{12308053-48B5-A740-0832-9709FCA291A3}"
EndProject
Global
	GlobalSection(SolutionConfigurationPlatforms) = preSolution
		Debug|Any CPU = Debug|Any CPU
		Release|Any CPU = Release|Any CPU
	EndGlobalSection
	GlobalSection(ProjectConfigurationPlatforms) = postSolution
		{1A7A6470-EBC1-B58F-0499-58FB9D85A088}.Debug|Any CPU.ActiveCfg = Debug|Any CPU
		{1A7A6470-EBC1-B58F-0499-58FB9D85A088}.Debug|Any CPU.Build.0 = Debug|Any CPU
		{1A7A6470-EBC1-B58F-0499-58FB9D85A088}.Release|Any CPU.ActiveCfg = Release|Any CPU
		{1A7A6470-EBC1-B58F-0499-58FB9D85A088}.Release|Any CPU.Build.0 = Release|Any CPU
		{12308053-48B5-A740-0832-9709FCA291A3}.Debug|Any CPU.ActiveCfg = Debug|Any CPU
		{12308053-48B5-A740-0832-9709FCA291A3}.Debug|Any CPU.Build.0 = Debug|Any CPU
		{12308053-48B5-A740-0832-9709FCA291A3}.Release|Any CPU.ActiveCfg = Release|Any CPU
		{12308053-48B5-A740-0832-9709FCA291A3}.Release|Any CPU.Build.0 = Release|Any CPU
	EndGlobalSection
	GlobalSection(SolutionProperties) = preSolution
		HideSolutionNode = FALSE
	EndGlobalSection
	GlobalSection(MonoDevelopProperties) = preSolution
		StartupItem = Assembly-CSharp.csproj
	EndGlobalSection
EndGlobal
